
Microsoft Visual Studio Solution File, Format Version 12.00
# Visual Studio Version 17
VisualStudioVersion = 17.8.34330.188
MinimumVisualStudioVersion = 10.0.40219.1
Project("{2150E333-8FDC-42A3-9474-1A3956D46DE8}") = "CoreLayer", "CoreLayer", "{491E16E2-5DF7-490B-AA4F-03F44DE3B8BE}"
EndProject
Project("{2150E333-8FDC-42A3-9474-1A3956D46DE8}") = "PresentationLayer", "PresentationLayer", "{A8F8AD11-807B-4A5A-A864-005332B365FE}"
EndProject
Project("{2150E333-8FDC-42A3-9474-1A3956D46DE8}") = "SignalR.web", "SignalR.web", "{7FBCE530-2E85-4D01-A2CF-F133DA060EE4}"
EndProject
Project("{2150E333-8FDC-42A3-9474-1A3956D46DE8}") = "DataAccessLayer", "DataAccessLayer", "{B7C201FA-9439-49B8-8566-0E3BDE449462}"
EndProject
Project("{2150E333-8FDC-42A3-9474-1A3956D46DE8}") = "RepositoriesLayer", "RepositoriesLayer", "{C89F21EC-3712-4F9C-9278-C9FAACD3F449}"
EndProject
Project("{9A19103F-16F7-4668-BE54-9A1E7A4F7556}") = "SignalRProvider", "SignalRProvider\SignalRProvider.csproj", "{DCF6990F-7C24-49AD-9E6E-E7D1E79F2244}"
EndProject
Project("{9A19103F-16F7-4668-BE54-9A1E7A4F7556}") = "SignalR.WEB", "PresentationLayer\SignalR.Web\SignalR.WEB.csproj", "{7B17EE43-D090-4933-85FA-B0EA9F48FB83}"
EndProject
Project("{9A19103F-16F7-4668-BE54-9A1E7A4F7556}") = "DataAccess", "DataAccessLayer\DataAccess\DataAccess.csproj", "{92025CF5-2762-4C91-95F8-6454472F1609}"
EndProject
Project("{9A19103F-16F7-4668-BE54-9A1E7A4F7556}") = "Entities", "DataAccessLayer\Entities\Entities.csproj", "{36C5B514-C723-4D40-B17B-BF03AC98BF9D}"
EndProject
Project("{9A19103F-16F7-4668-BE54-9A1E7A4F7556}") = "ViewModel", "DataAccessLayer\ViewModel\ViewModel.csproj", "{874A1C9F-1CB4-4476-A3A7-94F590A868D2}"
EndProject
Project("{9A19103F-16F7-4668-BE54-9A1E7A4F7556}") = "Core", "CoreLayer\Core.csproj", "{799CCD4E-9EF1-4E0A-820F-D9055B627520}"
EndProject
Project("{2150E333-8FDC-42A3-9474-1A3956D46DE8}") = "SignalR.API", "SignalR.API", "{888E8D34-DEE2-43BA-B84F-06FB91FC0F59}"
EndProject
Project("{9A19103F-16F7-4668-BE54-9A1E7A4F7556}") = "SignalR.api", "PresentationLayer\SignalR.API\SignalR.api.csproj", "{391A7664-6F7D-4930-B28D-CD1067EDC7F8}"
EndProject
Global
	GlobalSection(SolutionConfigurationPlatforms) = preSolution
		Debug|Any CPU = Debug|Any CPU
		Release|Any CPU = Release|Any CPU
	EndGlobalSection
	GlobalSection(ProjectConfigurationPlatforms) = postSolution
		{DCF6990F-7C24-49AD-9E6E-E7D1E79F2244}.Debug|Any CPU.ActiveCfg = Debug|Any CPU
		{DCF6990F-7C24-49AD-9E6E-E7D1E79F2244}.Debug|Any CPU.Build.0 = Debug|Any CPU
		{DCF6990F-7C24-49AD-9E6E-E7D1E79F2244}.Release|Any CPU.ActiveCfg = Release|Any CPU
		{DCF6990F-7C24-49AD-9E6E-E7D1E79F2244}.Release|Any CPU.Build.0 = Release|Any CPU
		{7B17EE43-D090-4933-85FA-B0EA9F48FB83}.Debug|Any CPU.ActiveCfg = Debug|Any CPU
		{7B17EE43-D090-4933-85FA-B0EA9F48FB83}.Debug|Any CPU.Build.0 = Debug|Any CPU
		{7B17EE43-D090-4933-85FA-B0EA9F48FB83}.Release|Any CPU.ActiveCfg = Release|Any CPU
		{7B17EE43-D090-4933-85FA-B0EA9F48FB83}.Release|Any CPU.Build.0 = Release|Any CPU
		{92025CF5-2762-4C91-95F8-6454472F1609}.Debug|Any CPU.ActiveCfg = Debug|Any CPU
		{92025CF5-2762-4C91-95F8-6454472F1609}.Debug|Any CPU.Build.0 = Debug|Any CPU
		{92025CF5-2762-4C91-95F8-6454472F1609}.Release|Any CPU.ActiveCfg = Release|Any CPU
		{92025CF5-2762-4C91-95F8-6454472F1609}.Release|Any CPU.Build.0 = Release|Any CPU
		{36C5B514-C723-4D40-B17B-BF03AC98BF9D}.Debug|Any CPU.ActiveCfg = Debug|Any CPU
		{36C5B514-C723-4D40-B17B-BF03AC98BF9D}.Debug|Any CPU.Build.0 = Debug|Any CPU
		{36C5B514-C723-4D40-B17B-BF03AC98BF9D}.Release|Any CPU.ActiveCfg = Release|Any CPU
		{36C5B514-C723-4D40-B17B-BF03AC98BF9D}.Release|Any CPU.Build.0 = Release|Any CPU
		{874A1C9F-1CB4-4476-A3A7-94F590A868D2}.Debug|Any CPU.ActiveCfg = Debug|Any CPU
		{874A1C9F-1CB4-4476-A3A7-94F590A868D2}.Debug|Any CPU.Build.0 = Debug|Any CPU
		{874A1C9F-1CB4-4476-A3A7-94F590A868D2}.Release|Any CPU.ActiveCfg = Release|Any CPU
		{874A1C9F-1CB4-4476-A3A7-94F590A868D2}.Release|Any CPU.Build.0 = Release|Any CPU
		{799CCD4E-9EF1-4E0A-820F-D9055B627520}.Debug|Any CPU.ActiveCfg = Debug|Any CPU
		{799CCD4E-9EF1-4E0A-820F-D9055B627520}.Debug|Any CPU.Build.0 = Debug|Any CPU
		{799CCD4E-9EF1-4E0A-820F-D9055B627520}.Release|Any CPU.ActiveCfg = Release|Any CPU
		{799CCD4E-9EF1-4E0A-820F-D9055B627520}.Release|Any CPU.Build.0 = Release|Any CPU
		{391A7664-6F7D-4930-B28D-CD1067EDC7F8}.Debug|Any CPU.ActiveCfg = Debug|Any CPU
		{391A7664-6F7D-4930-B28D-CD1067EDC7F8}.Debug|Any CPU.Build.0 = Debug|Any CPU
		{391A7664-6F7D-4930-B28D-CD1067EDC7F8}.Release|Any CPU.ActiveCfg = Release|Any CPU
		{391A7664-6F7D-4930-B28D-CD1067EDC7F8}.Release|Any CPU.Build.0 = Release|Any CPU
	EndGlobalSection
	GlobalSection(SolutionProperties) = preSolution
		HideSolutionNode = FALSE
	EndGlobalSection
	GlobalSection(NestedProjects) = preSolution
		{7FBCE530-2E85-4D01-A2CF-F133DA060EE4} = {A8F8AD11-807B-4A5A-A864-005332B365FE}
		{DCF6990F-7C24-49AD-9E6E-E7D1E79F2244} = {C89F21EC-3712-4F9C-9278-C9FAACD3F449}
		{7B17EE43-D090-4933-85FA-B0EA9F48FB83} = {7FBCE530-2E85-4D01-A2CF-F133DA060EE4}
		{92025CF5-2762-4C91-95F8-6454472F1609} = {B7C201FA-9439-49B8-8566-0E3BDE449462}
		{36C5B514-C723-4D40-B17B-BF03AC98BF9D} = {B7C201FA-9439-49B8-8566-0E3BDE449462}
		{874A1C9F-1CB4-4476-A3A7-94F590A868D2} = {B7C201FA-9439-49B8-8566-0E3BDE449462}
		{799CCD4E-9EF1-4E0A-820F-D9055B627520} = {491E16E2-5DF7-490B-AA4F-03F44DE3B8BE}
		{888E8D34-DEE2-43BA-B84F-06FB91FC0F59} = {A8F8AD11-807B-4A5A-A864-005332B365FE}
		{391A7664-6F7D-4930-B28D-CD1067EDC7F8} = {888E8D34-DEE2-43BA-B84F-06FB91FC0F59}
	EndGlobalSection
	GlobalSection(ExtensibilityGlobals) = postSolution
		SolutionGuid = {23C38470-2652-4AAF-91DB-548FB68017B0}
	EndGlobalSection
EndGlobal
